
Microsoft Visual Studio Solution File, Format Version 12.00
# Visual Studio Version 16
VisualStudioVersion = 16.0.29418.71
MinimumVisualStudioVersion = 10.0.40219.1
Project("{FAE04EC0-301F-11D3-BF4B-00C04F79EFBC}") = "OnlineMoviesSystem", "OnlineMoviesSystem\OnlineMoviesSystem.csproj", "{EE26516D-505C-49AC-9646-95C392E4EF6B}"
EndProject
Global
	GlobalSection(SolutionConfigurationPlatforms) = preSolution
		Debug|Any CPU = Debug|Any CPU
		Release|Any CPU = Release|Any CPU
	EndGlobalSection
	GlobalSection(ProjectConfigurationPlatforms) = postSolution
		{EE26516D-505C-49AC-9646-95C392E4EF6B}.Debug|Any CPU.ActiveCfg = Debug|Any CPU
		{EE26516D-505C-49AC-9646-95C392E4EF6B}.Debug|Any CPU.Build.0 = Debug|Any CPU
		{EE26516D-505C-49AC-9646-95C392E4EF6B}.Release|Any CPU.ActiveCfg = Release|Any CPU
		{EE26516D-505C-49AC-9646-95C392E4EF6B}.Release|Any CPU.Build.0 = Release|Any CPU
	EndGlobalSection
	GlobalSection(SolutionProperties) = preSolution
		HideSolutionNode = FALSE
	EndGlobalSection
	GlobalSection(ExtensibilityGlobals) = postSolution
		SolutionGuid = {C6ED995E-8AEE-42E8-8759-FB9175EF81CF}
	EndGlobalSection
EndGlobal
